
Microsoft Visual Studio Solution File, Format Version 12.00
Project("{FAE04EC0-301F-11D3-BF4B-00C04F79EFBC}") = "calc2", "calc2.csproj", "{ECA2A9A8-B8CB-4812-80E7-ED395E88FF40}"
EndProject
Global
	GlobalSection(SolutionConfigurationPlatforms) = preSolution
		Debug|Any CPU = Debug|Any CPU
		Release|Any CPU = Release|Any CPU
	EndGlobalSection
	GlobalSection(ProjectConfigurationPlatforms) = postSolution
		{ECA2A9A8-B8CB-4812-80E7-ED395E88FF40}.Debug|Any CPU.ActiveCfg = Debug|Any CPU
		{ECA2A9A8-B8CB-4812-80E7-ED395E88FF40}.Debug|Any CPU.Build.0 = Debug|Any CPU
		{ECA2A9A8-B8CB-4812-80E7-ED395E88FF40}.Release|Any CPU.ActiveCfg = Release|Any CPU
		{ECA2A9A8-B8CB-4812-80E7-ED395E88FF40}.Release|Any CPU.Build.0 = Release|Any CPU
	EndGlobalSection
EndGlobal
